// !$*UTF8*$!
{
	archiveVersion = 1;
	classes = {
	};
	objectVersion = 46;
	objects = {

/* Begin PBXBuildFile section */
		BD6C775F2096F99C00ADB5BC /* UICollectionViewTests.swift in Sources */ = {isa = PBXBuildFile; fileRef = D284B1361F7906DA00D94AF3 /* UICollectionViewTests.swift */; };
		BD7221D92094F2AF00D28B9C /* UserInterfaceItem.swift in Sources */ = {isa = PBXBuildFile; fileRef = BD7221D62094F2A900D28B9C /* UserInterfaceItem.swift */; };
		BD7221DA2094F2B100D28B9C /* UserInterfaceLabel.swift in Sources */ = {isa = PBXBuildFile; fileRef = BD7221D72094F2A900D28B9C /* UserInterfaceLabel.swift */; };
		BD7221DB2094F2B100D28B9C /* UserInterfaceView.swift in Sources */ = {isa = PBXBuildFile; fileRef = BD7221D82094F2A900D28B9C /* UserInterfaceView.swift */; };
		BD7221E92094F3BA00D28B9C /* UIStackView+Extensions.swift in Sources */ = {isa = PBXBuildFile; fileRef = BD7221E82094F3BA00D28B9C /* UIStackView+Extensions.swift */; };
		BD7221EA2094F3BA00D28B9C /* UIStackView+Extensions.swift in Sources */ = {isa = PBXBuildFile; fileRef = BD7221E82094F3BA00D28B9C /* UIStackView+Extensions.swift */; };
		BD7221EB2094F3BD00D28B9C /* UICollectionView+Extensions.swift in Sources */ = {isa = PBXBuildFile; fileRef = BD7221E72094F3AB00D28B9C /* UICollectionView+Extensions.swift */; };
		BD7221EC2094F3BD00D28B9C /* UICollectionViewCell+Extensions.swift in Sources */ = {isa = PBXBuildFile; fileRef = BD7221E62094F3AB00D28B9C /* UICollectionViewCell+Extensions.swift */; };
		BD7221ED2094F3BE00D28B9C /* UICollectionView+Extensions.swift in Sources */ = {isa = PBXBuildFile; fileRef = BD7221E72094F3AB00D28B9C /* UICollectionView+Extensions.swift */; };
		BD7221EE2094F3BE00D28B9C /* UICollectionViewCell+Extensions.swift in Sources */ = {isa = PBXBuildFile; fileRef = BD7221E62094F3AB00D28B9C /* UICollectionViewCell+Extensions.swift */; };
		BD7221F12094F3E000D28B9C /* UITableViewCell+Extensions.swift in Sources */ = {isa = PBXBuildFile; fileRef = BD7221EF2094F3E000D28B9C /* UITableViewCell+Extensions.swift */; };
		BD7221F22094F3E000D28B9C /* UITableViewCell+Extensions.swift in Sources */ = {isa = PBXBuildFile; fileRef = BD7221EF2094F3E000D28B9C /* UITableViewCell+Extensions.swift */; };
		BD7221F32094F3E000D28B9C /* UITableView+Extensions.swift in Sources */ = {isa = PBXBuildFile; fileRef = BD7221F02094F3E000D28B9C /* UITableView+Extensions.swift */; };
		BD7221F42094F3E000D28B9C /* UITableView+Extensions.swift in Sources */ = {isa = PBXBuildFile; fileRef = BD7221F02094F3E000D28B9C /* UITableView+Extensions.swift */; };
		BD7221F72094F41100D28B9C /* View+Extensions.swift in Sources */ = {isa = PBXBuildFile; fileRef = BD7221F52094F40100D28B9C /* View+Extensions.swift */; };
		BD7221F82094F41200D28B9C /* View+Extensions.swift in Sources */ = {isa = PBXBuildFile; fileRef = BD7221F52094F40100D28B9C /* View+Extensions.swift */; };
		BD7221F92094F41500D28B9C /* View+Extensions.swift in Sources */ = {isa = PBXBuildFile; fileRef = BD7221F52094F40100D28B9C /* View+Extensions.swift */; };
		BD7221FA2094F41D00D28B9C /* TypeAlias.swift in Sources */ = {isa = PBXBuildFile; fileRef = BD7221E22094F37500D28B9C /* TypeAlias.swift */; };
		BD7221FB2094F41D00D28B9C /* TypeAlias.swift in Sources */ = {isa = PBXBuildFile; fileRef = BD7221E22094F37500D28B9C /* TypeAlias.swift */; };
		BD7221FC2094F41E00D28B9C /* TypeAlias.swift in Sources */ = {isa = PBXBuildFile; fileRef = BD7221E22094F37500D28B9C /* TypeAlias.swift */; };
		BD7221FD2094F43200D28B9C /* NSLayoutConstraint+Extensions.swift in Sources */ = {isa = PBXBuildFile; fileRef = BD7221E42094F39200D28B9C /* NSLayoutConstraint+Extensions.swift */; };
		BD7221FE2094F43300D28B9C /* NSLayoutConstraint+Extensions.swift in Sources */ = {isa = PBXBuildFile; fileRef = BD7221E42094F39200D28B9C /* NSLayoutConstraint+Extensions.swift */; };
		BD7221FF2094F43400D28B9C /* NSLayoutConstraint+Extensions.swift in Sources */ = {isa = PBXBuildFile; fileRef = BD7221E42094F39200D28B9C /* NSLayoutConstraint+Extensions.swift */; };
		BD7222012094F4D500D28B9C /* NSLayoutConstraints+iOS.swift in Sources */ = {isa = PBXBuildFile; fileRef = BD7222002094F4D500D28B9C /* NSLayoutConstraints+iOS.swift */; };
		BD7222022094F4D500D28B9C /* NSLayoutConstraints+iOS.swift in Sources */ = {isa = PBXBuildFile; fileRef = BD7222002094F4D500D28B9C /* NSLayoutConstraints+iOS.swift */; };
		BD722205209636BB00D28B9C /* NSCollectionView+Extensions.swift in Sources */ = {isa = PBXBuildFile; fileRef = BD722204209636BB00D28B9C /* NSCollectionView+Extensions.swift */; };
		BD7222072096375800D28B9C /* NSCollectionViewItem+Extensions.swift in Sources */ = {isa = PBXBuildFile; fileRef = BD7222062096375700D28B9C /* NSCollectionViewItem+Extensions.swift */; };
		BD722209209637C300D28B9C /* NSStackView+Extensions.swift in Sources */ = {isa = PBXBuildFile; fileRef = BD722208209637C300D28B9C /* NSStackView+Extensions.swift */; };
		BD72220B20963FFB00D28B9C /* NSTableView+Extensions.swift in Sources */ = {isa = PBXBuildFile; fileRef = BD72220A20963FFB00D28B9C /* NSTableView+Extensions.swift */; };
		BD72220D209640B800D28B9C /* NSTableRowView+Extensions.swift in Sources */ = {isa = PBXBuildFile; fileRef = BD72220C209640B800D28B9C /* NSTableRowView+Extensions.swift */; };
		BDD89C4D209700020041C951 /* UITableViewTests.swift in Sources */ = {isa = PBXBuildFile; fileRef = BDD89C4C209700020041C951 /* UITableViewTests.swift */; };
		BDD89C4E209700020041C951 /* UITableViewTests.swift in Sources */ = {isa = PBXBuildFile; fileRef = BDD89C4C209700020041C951 /* UITableViewTests.swift */; };
		BDD89C50209700C90041C951 /* UIStackViewTests.swift in Sources */ = {isa = PBXBuildFile; fileRef = BDD89C4F209700C90041C951 /* UIStackViewTests.swift */; };
		BDD89C51209700C90041C951 /* UIStackViewTests.swift in Sources */ = {isa = PBXBuildFile; fileRef = BDD89C4F209700C90041C951 /* UIStackViewTests.swift */; };
		BDD89C532097018B0041C951 /* UIViewTests.swift in Sources */ = {isa = PBXBuildFile; fileRef = BDD89C522097018B0041C951 /* UIViewTests.swift */; };
		BDD89C542097018B0041C951 /* UIViewTests.swift in Sources */ = {isa = PBXBuildFile; fileRef = BDD89C522097018B0041C951 /* UIViewTests.swift */; };
		BDD89C56209701D50041C951 /* NSLayoutConstraintsTests.swift in Sources */ = {isa = PBXBuildFile; fileRef = BDD89C55209701D50041C951 /* NSLayoutConstraintsTests.swift */; };
		BDD89C57209701D50041C951 /* NSLayoutConstraintsTests.swift in Sources */ = {isa = PBXBuildFile; fileRef = BDD89C55209701D50041C951 /* NSLayoutConstraintsTests.swift */; };
		BDD89C5D209704F50041C951 /* NSCollectionViewTests.swift in Sources */ = {isa = PBXBuildFile; fileRef = BDD89C58209704F50041C951 /* NSCollectionViewTests.swift */; };
		BDD89C5E209704F50041C951 /* NSViewTests.swift in Sources */ = {isa = PBXBuildFile; fileRef = BDD89C59209704F50041C951 /* NSViewTests.swift */; };
		BDD89C5F209704F50041C951 /* NSTableViewTests.swift in Sources */ = {isa = PBXBuildFile; fileRef = BDD89C5A209704F50041C951 /* NSTableViewTests.swift */; };
		BDD89C60209704F50041C951 /* NSStackViewViewTests.swift in Sources */ = {isa = PBXBuildFile; fileRef = BDD89C5B209704F50041C951 /* NSStackViewViewTests.swift */; };
		BDD89C61209704F50041C951 /* NSLayoutConstraintsTests.swift in Sources */ = {isa = PBXBuildFile; fileRef = BDD89C5C209704F50041C951 /* NSLayoutConstraintsTests.swift */; };
		D284B1051F79038B00D94AF3 /* UserInterface.framework in Frameworks */ = {isa = PBXBuildFile; fileRef = D284B0FC1F79038B00D94AF3 /* UserInterface.framework */; };
		D284B1381F7906DB00D94AF3 /* Info-iOS-Tests.plist in Resources */ = {isa = PBXBuildFile; fileRef = D284B12F1F7906DA00D94AF3 /* Info-iOS-Tests.plist */; };
		D284B1391F7906DB00D94AF3 /* Info-tvOS-Tests.plist in Resources */ = {isa = PBXBuildFile; fileRef = D284B1301F7906DA00D94AF3 /* Info-tvOS-Tests.plist */; };
		D284B13B1F7906DB00D94AF3 /* Info-macOS-Tests.plist in Resources */ = {isa = PBXBuildFile; fileRef = D284B1331F7906DA00D94AF3 /* Info-macOS-Tests.plist */; };
		D284B1441F7908B100D94AF3 /* SharedTests.swift in Sources */ = {isa = PBXBuildFile; fileRef = D284B1321F7906DA00D94AF3 /* SharedTests.swift */; };
		D284B1451F7908B200D94AF3 /* SharedTests.swift in Sources */ = {isa = PBXBuildFile; fileRef = D284B1321F7906DA00D94AF3 /* SharedTests.swift */; };
		D284B1461F7908B300D94AF3 /* SharedTests.swift in Sources */ = {isa = PBXBuildFile; fileRef = D284B1321F7906DA00D94AF3 /* SharedTests.swift */; };
		D284B1471F7908B800D94AF3 /* UICollectionViewTests.swift in Sources */ = {isa = PBXBuildFile; fileRef = D284B1361F7906DA00D94AF3 /* UICollectionViewTests.swift */; };
		D5B2E8AA1C3A780C00C0327D /* UserInterface.framework in Frameworks */ = {isa = PBXBuildFile; fileRef = D5B2E89F1C3A780C00C0327D /* UserInterface.framework */; };
		D5C6294A1C3A7FAA007F7B7C /* UserInterface.framework in Frameworks */ = {isa = PBXBuildFile; fileRef = D5C629401C3A7FAA007F7B7C /* UserInterface.framework */; };
/* End PBXBuildFile section */

/* Begin PBXContainerItemProxy section */
		D284B1061F79038B00D94AF3 /* PBXContainerItemProxy */ = {
			isa = PBXContainerItemProxy;
			containerPortal = D5B2E8961C3A780C00C0327D /* Project object */;
			proxyType = 1;
			remoteGlobalIDString = D284B0FB1F79038B00D94AF3;
			remoteInfo = "UserInterface-tvOS";
		};
		D5B2E8AB1C3A780C00C0327D /* PBXContainerItemProxy */ = {
			isa = PBXContainerItemProxy;
			containerPortal = D5B2E8961C3A780C00C0327D /* Project object */;
			proxyType = 1;
			remoteGlobalIDString = D5B2E89E1C3A780C00C0327D;
			remoteInfo = UserInterface;
		};
		D5C6294B1C3A7FAA007F7B7C /* PBXContainerItemProxy */ = {
			isa = PBXContainerItemProxy;
			containerPortal = D5B2E8961C3A780C00C0327D /* Project object */;
			proxyType = 1;
			remoteGlobalIDString = D5C6293F1C3A7FAA007F7B7C;
			remoteInfo = "UserInterface-Mac";
		};
/* End PBXContainerItemProxy section */

/* Begin PBXFileReference section */
		BD6C775D2096ECC500ADB5BC /* README.md */ = {isa = PBXFileReference; lastKnownFileType = net.daringfireball.markdown; path = README.md; sourceTree = "<group>"; };
		BD6C775E2096F89600ADB5BC /* .travis.yml */ = {isa = PBXFileReference; lastKnownFileType = text; path = .travis.yml; sourceTree = "<group>"; };
		BD7221D62094F2A900D28B9C /* UserInterfaceItem.swift */ = {isa = PBXFileReference; lastKnownFileType = sourcecode.swift; path = UserInterfaceItem.swift; sourceTree = "<group>"; };
		BD7221D72094F2A900D28B9C /* UserInterfaceLabel.swift */ = {isa = PBXFileReference; lastKnownFileType = sourcecode.swift; path = UserInterfaceLabel.swift; sourceTree = "<group>"; };
		BD7221D82094F2A900D28B9C /* UserInterfaceView.swift */ = {isa = PBXFileReference; lastKnownFileType = sourcecode.swift; path = UserInterfaceView.swift; sourceTree = "<group>"; };
		BD7221E22094F37500D28B9C /* TypeAlias.swift */ = {isa = PBXFileReference; lastKnownFileType = sourcecode.swift; path = TypeAlias.swift; sourceTree = "<group>"; };
		BD7221E42094F39200D28B9C /* NSLayoutConstraint+Extensions.swift */ = {isa = PBXFileReference; lastKnownFileType = sourcecode.swift; path = "NSLayoutConstraint+Extensions.swift"; sourceTree = "<group>"; };
		BD7221E62094F3AB00D28B9C /* UICollectionViewCell+Extensions.swift */ = {isa = PBXFileReference; lastKnownFileType = sourcecode.swift; path = "UICollectionViewCell+Extensions.swift"; sourceTree = "<group>"; };
		BD7221E72094F3AB00D28B9C /* UICollectionView+Extensions.swift */ = {isa = PBXFileReference; lastKnownFileType = sourcecode.swift; path = "UICollectionView+Extensions.swift"; sourceTree = "<group>"; };
		BD7221E82094F3BA00D28B9C /* UIStackView+Extensions.swift */ = {isa = PBXFileReference; fileEncoding = 4; lastKnownFileType = sourcecode.swift; name = "UIStackView+Extensions.swift"; path = "../../../../SwiftProject/Source/Extensions/UIStackView+Extensions.swift"; sourceTree = "<group>"; };
		BD7221EF2094F3E000D28B9C /* UITableViewCell+Extensions.swift */ = {isa = PBXFileReference; lastKnownFileType = sourcecode.swift; path = "UITableViewCell+Extensions.swift"; sourceTree = "<group>"; };
		BD7221F02094F3E000D28B9C /* UITableView+Extensions.swift */ = {isa = PBXFileReference; lastKnownFileType = sourcecode.swift; path = "UITableView+Extensions.swift"; sourceTree = "<group>"; };
		BD7221F52094F40100D28B9C /* View+Extensions.swift */ = {isa = PBXFileReference; lastKnownFileType = sourcecode.swift; path = "View+Extensions.swift"; sourceTree = "<group>"; };
		BD7222002094F4D500D28B9C /* NSLayoutConstraints+iOS.swift */ = {isa = PBXFileReference; lastKnownFileType = sourcecode.swift; path = "NSLayoutConstraints+iOS.swift"; sourceTree = "<group>"; };
		BD722204209636BB00D28B9C /* NSCollectionView+Extensions.swift */ = {isa = PBXFileReference; lastKnownFileType = sourcecode.swift; path = "NSCollectionView+Extensions.swift"; sourceTree = "<group>"; };
		BD7222062096375700D28B9C /* NSCollectionViewItem+Extensions.swift */ = {isa = PBXFileReference; lastKnownFileType = sourcecode.swift; path = "NSCollectionViewItem+Extensions.swift"; sourceTree = "<group>"; };
		BD722208209637C300D28B9C /* NSStackView+Extensions.swift */ = {isa = PBXFileReference; lastKnownFileType = sourcecode.swift; path = "NSStackView+Extensions.swift"; sourceTree = "<group>"; };
		BD72220A20963FFB00D28B9C /* NSTableView+Extensions.swift */ = {isa = PBXFileReference; lastKnownFileType = sourcecode.swift; path = "NSTableView+Extensions.swift"; sourceTree = "<group>"; };
		BD72220C209640B800D28B9C /* NSTableRowView+Extensions.swift */ = {isa = PBXFileReference; lastKnownFileType = sourcecode.swift; path = "NSTableRowView+Extensions.swift"; sourceTree = "<group>"; };
		BDD89C4C209700020041C951 /* UITableViewTests.swift */ = {isa = PBXFileReference; lastKnownFileType = sourcecode.swift; path = UITableViewTests.swift; sourceTree = "<group>"; };
		BDD89C4F209700C90041C951 /* UIStackViewTests.swift */ = {isa = PBXFileReference; lastKnownFileType = sourcecode.swift; path = UIStackViewTests.swift; sourceTree = "<group>"; };
		BDD89C522097018B0041C951 /* UIViewTests.swift */ = {isa = PBXFileReference; lastKnownFileType = sourcecode.swift; path = UIViewTests.swift; sourceTree = "<group>"; };
		BDD89C55209701D50041C951 /* NSLayoutConstraintsTests.swift */ = {isa = PBXFileReference; lastKnownFileType = sourcecode.swift; path = NSLayoutConstraintsTests.swift; sourceTree = "<group>"; };
		BDD89C58209704F50041C951 /* NSCollectionViewTests.swift */ = {isa = PBXFileReference; fileEncoding = 4; lastKnownFileType = sourcecode.swift; path = NSCollectionViewTests.swift; sourceTree = "<group>"; };
		BDD89C59209704F50041C951 /* NSViewTests.swift */ = {isa = PBXFileReference; fileEncoding = 4; lastKnownFileType = sourcecode.swift; path = NSViewTests.swift; sourceTree = "<group>"; };
		BDD89C5A209704F50041C951 /* NSTableViewTests.swift */ = {isa = PBXFileReference; fileEncoding = 4; lastKnownFileType = sourcecode.swift; path = NSTableViewTests.swift; sourceTree = "<group>"; };
		BDD89C5B209704F50041C951 /* NSStackViewViewTests.swift */ = {isa = PBXFileReference; fileEncoding = 4; lastKnownFileType = sourcecode.swift; path = NSStackViewViewTests.swift; sourceTree = "<group>"; };
		BDD89C5C209704F50041C951 /* NSLayoutConstraintsTests.swift */ = {isa = PBXFileReference; fileEncoding = 4; lastKnownFileType = sourcecode.swift; path = NSLayoutConstraintsTests.swift; sourceTree = "<group>"; };
		D284B0FC1F79038B00D94AF3 /* UserInterface.framework */ = {isa = PBXFileReference; explicitFileType = wrapper.framework; includeInIndex = 0; path = UserInterface.framework; sourceTree = BUILT_PRODUCTS_DIR; };
		D284B1041F79038B00D94AF3 /* UserInterface-tvOS-Tests.xctest */ = {isa = PBXFileReference; explicitFileType = wrapper.cfbundle; includeInIndex = 0; path = "UserInterface-tvOS-Tests.xctest"; sourceTree = BUILT_PRODUCTS_DIR; };
		D284B1181F79039F00D94AF3 /* UserInterface.framework */ = {isa = PBXFileReference; explicitFileType = wrapper.framework; includeInIndex = 0; path = UserInterface.framework; sourceTree = BUILT_PRODUCTS_DIR; };
		D284B12F1F7906DA00D94AF3 /* Info-iOS-Tests.plist */ = {isa = PBXFileReference; fileEncoding = 4; lastKnownFileType = text.plist.xml; path = "Info-iOS-Tests.plist"; sourceTree = "<group>"; };
		D284B1301F7906DA00D94AF3 /* Info-tvOS-Tests.plist */ = {isa = PBXFileReference; fileEncoding = 4; lastKnownFileType = text.plist.xml; path = "Info-tvOS-Tests.plist"; sourceTree = "<group>"; };
		D284B1321F7906DA00D94AF3 /* SharedTests.swift */ = {isa = PBXFileReference; fileEncoding = 4; lastKnownFileType = sourcecode.swift; path = SharedTests.swift; sourceTree = "<group>"; };
		D284B1331F7906DA00D94AF3 /* Info-macOS-Tests.plist */ = {isa = PBXFileReference; fileEncoding = 4; lastKnownFileType = text.plist.xml; path = "Info-macOS-Tests.plist"; sourceTree = "<group>"; };
		D284B1361F7906DA00D94AF3 /* UICollectionViewTests.swift */ = {isa = PBXFileReference; fileEncoding = 4; lastKnownFileType = sourcecode.swift; path = UICollectionViewTests.swift; sourceTree = "<group>"; };
		D284B1401F79081F00D94AF3 /* Info-iOS.plist */ = {isa = PBXFileReference; lastKnownFileType = text.plist.xml; path = "Info-iOS.plist"; sourceTree = "<group>"; };
		D284B1411F79081F00D94AF3 /* Info-macOS.plist */ = {isa = PBXFileReference; lastKnownFileType = text.plist.xml; path = "Info-macOS.plist"; sourceTree = "<group>"; };
		D284B1421F79081F00D94AF3 /* Info-tvOS.plist */ = {isa = PBXFileReference; lastKnownFileType = text.plist.xml; path = "Info-tvOS.plist"; sourceTree = "<group>"; };
		D284B1431F79081F00D94AF3 /* Info-watchOS.plist */ = {isa = PBXFileReference; lastKnownFileType = text.plist.xml; path = "Info-watchOS.plist"; sourceTree = "<group>"; };
		D500FD111C3AABED00782D78 /* Playground-iOS.playground */ = {isa = PBXFileReference; lastKnownFileType = file.playground; path = "Playground-iOS.playground"; sourceTree = "<group>"; xcLanguageSpecificationIdentifier = xcode.lang.swift; };
		D500FD121C3AAC8E00782D78 /* Playground-macOS.playground */ = {isa = PBXFileReference; lastKnownFileType = file.playground; path = "Playground-macOS.playground"; sourceTree = "<group>"; xcLanguageSpecificationIdentifier = xcode.lang.swift; };
		D5B2E89F1C3A780C00C0327D /* UserInterface.framework */ = {isa = PBXFileReference; explicitFileType = wrapper.framework; includeInIndex = 0; path = UserInterface.framework; sourceTree = BUILT_PRODUCTS_DIR; };
		D5B2E8A91C3A780C00C0327D /* UserInterface-iOS-Tests.xctest */ = {isa = PBXFileReference; explicitFileType = wrapper.cfbundle; includeInIndex = 0; path = "UserInterface-iOS-Tests.xctest"; sourceTree = BUILT_PRODUCTS_DIR; };
		D5C629401C3A7FAA007F7B7C /* UserInterface.framework */ = {isa = PBXFileReference; explicitFileType = wrapper.framework; includeInIndex = 0; path = UserInterface.framework; sourceTree = BUILT_PRODUCTS_DIR; };
		D5C629491C3A7FAA007F7B7C /* UserInterface-macOS-Tests.xctest */ = {isa = PBXFileReference; explicitFileType = wrapper.cfbundle; includeInIndex = 0; path = "UserInterface-macOS-Tests.xctest"; sourceTree = BUILT_PRODUCTS_DIR; };
/* End PBXFileReference section */

/* Begin PBXFrameworksBuildPhase section */
		D284B0F81F79038B00D94AF3 /* Frameworks */ = {
			isa = PBXFrameworksBuildPhase;
			buildActionMask = 2147483647;
			files = (
			);
			runOnlyForDeploymentPostprocessing = 0;
		};
		D284B1011F79038B00D94AF3 /* Frameworks */ = {
			isa = PBXFrameworksBuildPhase;
			buildActionMask = 2147483647;
			files = (
				D284B1051F79038B00D94AF3 /* UserInterface.framework in Frameworks */,
			);
			runOnlyForDeploymentPostprocessing = 0;
		};
		D284B1141F79039F00D94AF3 /* Frameworks */ = {
			isa = PBXFrameworksBuildPhase;
			buildActionMask = 2147483647;
			files = (
			);
			runOnlyForDeploymentPostprocessing = 0;
		};
		D5B2E89B1C3A780C00C0327D /* Frameworks */ = {
			isa = PBXFrameworksBuildPhase;
			buildActionMask = 2147483647;
			files = (
			);
			runOnlyForDeploymentPostprocessing = 0;
		};
		D5B2E8A61C3A780C00C0327D /* Frameworks */ = {
			isa = PBXFrameworksBuildPhase;
			buildActionMask = 2147483647;
			files = (
				D5B2E8AA1C3A780C00C0327D /* UserInterface.framework in Frameworks */,
			);
			runOnlyForDeploymentPostprocessing = 0;
		};
		D5C6293C1C3A7FAA007F7B7C /* Frameworks */ = {
			isa = PBXFrameworksBuildPhase;
			buildActionMask = 2147483647;
			files = (
			);
			runOnlyForDeploymentPostprocessing = 0;
		};
		D5C629461C3A7FAA007F7B7C /* Frameworks */ = {
			isa = PBXFrameworksBuildPhase;
			buildActionMask = 2147483647;
			files = (
				D5C6294A1C3A7FAA007F7B7C /* UserInterface.framework in Frameworks */,
			);
			runOnlyForDeploymentPostprocessing = 0;
		};
/* End PBXFrameworksBuildPhase section */

/* Begin PBXGroup section */
		BD7221E02094F34F00D28B9C /* Classes */ = {
			isa = PBXGroup;
			children = (
				BD7221D62094F2A900D28B9C /* UserInterfaceItem.swift */,
				BD7221D72094F2A900D28B9C /* UserInterfaceLabel.swift */,
				BD7221D82094F2A900D28B9C /* UserInterfaceView.swift */,
			);
			path = Classes;
			sourceTree = "<group>";
		};
		BD7221E12094F36F00D28B9C /* TypeAlias */ = {
			isa = PBXGroup;
			children = (
				BD7221E22094F37500D28B9C /* TypeAlias.swift */,
			);
			path = TypeAlias;
			sourceTree = "<group>";
		};
		BD7221E32094F38A00D28B9C /* Extensions */ = {
			isa = PBXGroup;
			children = (
				BD7221E42094F39200D28B9C /* NSLayoutConstraint+Extensions.swift */,
				BD7221F52094F40100D28B9C /* View+Extensions.swift */,
			);
			path = Extensions;
			sourceTree = "<group>";
		};
		BD7221E52094F39C00D28B9C /* Extensions */ = {
			isa = PBXGroup;
			children = (
				BD7222002094F4D500D28B9C /* NSLayoutConstraints+iOS.swift */,
				BD7221E72094F3AB00D28B9C /* UICollectionView+Extensions.swift */,
				BD7221E62094F3AB00D28B9C /* UICollectionViewCell+Extensions.swift */,
				BD7221E82094F3BA00D28B9C /* UIStackView+Extensions.swift */,
				BD7221F02094F3E000D28B9C /* UITableView+Extensions.swift */,
				BD7221EF2094F3E000D28B9C /* UITableViewCell+Extensions.swift */,
			);
			path = Extensions;
			sourceTree = "<group>";
		};
		BD722203209636A800D28B9C /* Extensions */ = {
			isa = PBXGroup;
			children = (
				BD722204209636BB00D28B9C /* NSCollectionView+Extensions.swift */,
				BD7222062096375700D28B9C /* NSCollectionViewItem+Extensions.swift */,
				BD722208209637C300D28B9C /* NSStackView+Extensions.swift */,
				BD72220C209640B800D28B9C /* NSTableRowView+Extensions.swift */,
				BD72220A20963FFB00D28B9C /* NSTableView+Extensions.swift */,
			);
			path = Extensions;
			sourceTree = "<group>";
		};
		D284B0F41F79024300D94AF3 /* macOS */ = {
			isa = PBXGroup;
			children = (
				BD722203209636A800D28B9C /* Extensions */,
				BD7221E02094F34F00D28B9C /* Classes */,
			);
			path = macOS;
			sourceTree = "<group>";
		};
		D284B1211F79041300D94AF3 /* watchOS */ = {
			isa = PBXGroup;
			children = (
			);
			path = watchOS;
			sourceTree = "<group>";
		};
		D284B12D1F7906DA00D94AF3 /* macOS */ = {
			isa = PBXGroup;
			children = (
				BDD89C58209704F50041C951 /* NSCollectionViewTests.swift */,
				BDD89C5C209704F50041C951 /* NSLayoutConstraintsTests.swift */,
				BDD89C5B209704F50041C951 /* NSStackViewViewTests.swift */,
				BDD89C5A209704F50041C951 /* NSTableViewTests.swift */,
				BDD89C59209704F50041C951 /* NSViewTests.swift */,
			);
			path = macOS;
			sourceTree = "<group>";
		};
		D284B1311F7906DA00D94AF3 /* Shared */ = {
			isa = PBXGroup;
			children = (
				D284B1321F7906DA00D94AF3 /* SharedTests.swift */,
			);
			path = Shared;
			sourceTree = "<group>";
		};
		D284B1351F7906DA00D94AF3 /* iOS+tvOS */ = {
			isa = PBXGroup;
			children = (
				BDD89C55209701D50041C951 /* NSLayoutConstraintsTests.swift */,
				D284B1361F7906DA00D94AF3 /* UICollectionViewTests.swift */,
				BDD89C4F209700C90041C951 /* UIStackViewTests.swift */,
				BDD89C4C209700020041C951 /* UITableViewTests.swift */,
				BDD89C522097018B0041C951 /* UIViewTests.swift */,
			);
			path = "iOS+tvOS";
			sourceTree = "<group>";
		};
		D284B13F1F79081F00D94AF3 /* Info */ = {
			isa = PBXGroup;
			children = (
				D284B1401F79081F00D94AF3 /* Info-iOS.plist */,
				D284B1411F79081F00D94AF3 /* Info-macOS.plist */,
				D284B1421F79081F00D94AF3 /* Info-tvOS.plist */,
				D284B1431F79081F00D94AF3 /* Info-watchOS.plist */,
			);
			path = Info;
			sourceTree = "<group>";
		};
		D5B2E8951C3A780C00C0327D = {
			isa = PBXGroup;
			children = (
				BD6C775E2096F89600ADB5BC /* .travis.yml */,
				BD6C775D2096ECC500ADB5BC /* README.md */,
				D500FD111C3AABED00782D78 /* Playground-iOS.playground */,
				D500FD121C3AAC8E00782D78 /* Playground-macOS.playground */,
				D284B13F1F79081F00D94AF3 /* Info */,
				D5C629691C3A809D007F7B7C /* Source */,
				D5C6298F1C3A8BDA007F7B7C /* Tests */,
				D5B2E8A01C3A780C00C0327D /* Products */,
			);
			sourceTree = "<group>";
		};
		D5B2E8A01C3A780C00C0327D /* Products */ = {
			isa = PBXGroup;
			children = (
				D5B2E89F1C3A780C00C0327D /* UserInterface.framework */,
				D5B2E8A91C3A780C00C0327D /* UserInterface-iOS-Tests.xctest */,
				D5C629401C3A7FAA007F7B7C /* UserInterface.framework */,
				D5C629491C3A7FAA007F7B7C /* UserInterface-macOS-Tests.xctest */,
				D284B0FC1F79038B00D94AF3 /* UserInterface.framework */,
				D284B1041F79038B00D94AF3 /* UserInterface-tvOS-Tests.xctest */,
				D284B1181F79039F00D94AF3 /* UserInterface.framework */,
			);
			name = Products;
			sourceTree = "<group>";
		};
		D5C629691C3A809D007F7B7C /* Source */ = {
			isa = PBXGroup;
			children = (
				D5C6296A1C3A809D007F7B7C /* iOS+tvOS */,
				D284B0F41F79024300D94AF3 /* macOS */,
				D5C6296E1C3A809D007F7B7C /* Shared */,
				D284B1211F79041300D94AF3 /* watchOS */,
			);
			path = Source;
			sourceTree = "<group>";
		};
		D5C6296A1C3A809D007F7B7C /* iOS+tvOS */ = {
			isa = PBXGroup;
			children = (
				BD7221E52094F39C00D28B9C /* Extensions */,
			);
			path = "iOS+tvOS";
			sourceTree = "<group>";
		};
		D5C6296E1C3A809D007F7B7C /* Shared */ = {
			isa = PBXGroup;
			children = (
				BD7221E32094F38A00D28B9C /* Extensions */,
				BD7221E12094F36F00D28B9C /* TypeAlias */,
			);
			path = Shared;
			sourceTree = "<group>";
		};
		D5C6298F1C3A8BDA007F7B7C /* Tests */ = {
			isa = PBXGroup;
			children = (
				D284B12F1F7906DA00D94AF3 /* Info-iOS-Tests.plist */,
				D284B1331F7906DA00D94AF3 /* Info-macOS-Tests.plist */,
				D284B1301F7906DA00D94AF3 /* Info-tvOS-Tests.plist */,
				D284B1351F7906DA00D94AF3 /* iOS+tvOS */,
				D284B12D1F7906DA00D94AF3 /* macOS */,
				D284B1311F7906DA00D94AF3 /* Shared */,
			);
			path = Tests;
			sourceTree = "<group>";
		};
/* End PBXGroup section */

/* Begin PBXHeadersBuildPhase section */
		D284B0F91F79038B00D94AF3 /* Headers */ = {
			isa = PBXHeadersBuildPhase;
			buildActionMask = 2147483647;
			files = (
			);
			runOnlyForDeploymentPostprocessing = 0;
		};
		D284B1151F79039F00D94AF3 /* Headers */ = {
			isa = PBXHeadersBuildPhase;
			buildActionMask = 2147483647;
			files = (
			);
			runOnlyForDeploymentPostprocessing = 0;
		};
		D5B2E89C1C3A780C00C0327D /* Headers */ = {
			isa = PBXHeadersBuildPhase;
			buildActionMask = 2147483647;
			files = (
			);
			runOnlyForDeploymentPostprocessing = 0;
		};
		D5C6293D1C3A7FAA007F7B7C /* Headers */ = {
			isa = PBXHeadersBuildPhase;
			buildActionMask = 2147483647;
			files = (
			);
			runOnlyForDeploymentPostprocessing = 0;
		};
/* End PBXHeadersBuildPhase section */

/* Begin PBXNativeTarget section */
		D284B0FB1F79038B00D94AF3 /* UserInterface-tvOS */ = {
			isa = PBXNativeTarget;
			buildConfigurationList = D284B10D1F79038B00D94AF3 /* Build configuration list for PBXNativeTarget "UserInterface-tvOS" */;
			buildPhases = (
				D284B0F71F79038B00D94AF3 /* Sources */,
				D284B0F81F79038B00D94AF3 /* Frameworks */,
				D284B0F91F79038B00D94AF3 /* Headers */,
				D284B0FA1F79038B00D94AF3 /* Resources */,
			);
			buildRules = (
			);
			dependencies = (
			);
			name = "UserInterface-tvOS";
			productName = "UserInterface-tvOS";
			productReference = D284B0FC1F79038B00D94AF3 /* UserInterface.framework */;
			productType = "com.apple.product-type.framework";
		};
		D284B1031F79038B00D94AF3 /* UserInterface-tvOS-Tests */ = {
			isa = PBXNativeTarget;
			buildConfigurationList = D284B1101F79038B00D94AF3 /* Build configuration list for PBXNativeTarget "UserInterface-tvOS-Tests" */;
			buildPhases = (
				D284B1001F79038B00D94AF3 /* Sources */,
				D284B1011F79038B00D94AF3 /* Frameworks */,
				D284B1021F79038B00D94AF3 /* Resources */,
			);
			buildRules = (
			);
			dependencies = (
				D284B1071F79038B00D94AF3 /* PBXTargetDependency */,
			);
			name = "UserInterface-tvOS-Tests";
			productName = "UserInterface-tvOSTests";
			productReference = D284B1041F79038B00D94AF3 /* UserInterface-tvOS-Tests.xctest */;
			productType = "com.apple.product-type.bundle.unit-test";
		};
		D284B1171F79039F00D94AF3 /* UserInterface-watchOS */ = {
			isa = PBXNativeTarget;
			buildConfigurationList = D284B11D1F79039F00D94AF3 /* Build configuration list for PBXNativeTarget "UserInterface-watchOS" */;
			buildPhases = (
				D284B1131F79039F00D94AF3 /* Sources */,
				D284B1141F79039F00D94AF3 /* Frameworks */,
				D284B1151F79039F00D94AF3 /* Headers */,
				D284B1161F79039F00D94AF3 /* Resources */,
			);
			buildRules = (
			);
			dependencies = (
			);
			name = "UserInterface-watchOS";
			productName = "UserInterface-watchOS";
			productReference = D284B1181F79039F00D94AF3 /* UserInterface.framework */;
			productType = "com.apple.product-type.framework";
		};
		D5B2E89E1C3A780C00C0327D /* UserInterface-iOS */ = {
			isa = PBXNativeTarget;
			buildConfigurationList = D5B2E8B31C3A780C00C0327D /* Build configuration list for PBXNativeTarget "UserInterface-iOS" */;
			buildPhases = (
				D5B2E89A1C3A780C00C0327D /* Sources */,
				D5B2E89B1C3A780C00C0327D /* Frameworks */,
				D5B2E89C1C3A780C00C0327D /* Headers */,
				D5B2E89D1C3A780C00C0327D /* Resources */,
			);
			buildRules = (
			);
			dependencies = (
			);
			name = "UserInterface-iOS";
			productName = UserInterface;
			productReference = D5B2E89F1C3A780C00C0327D /* UserInterface.framework */;
			productType = "com.apple.product-type.framework";
		};
		D5B2E8A81C3A780C00C0327D /* UserInterface-iOS-Tests */ = {
			isa = PBXNativeTarget;
			buildConfigurationList = D5B2E8B61C3A780C00C0327D /* Build configuration list for PBXNativeTarget "UserInterface-iOS-Tests" */;
			buildPhases = (
				D5B2E8A51C3A780C00C0327D /* Sources */,
				D5B2E8A61C3A780C00C0327D /* Frameworks */,
				D5B2E8A71C3A780C00C0327D /* Resources */,
			);
			buildRules = (
			);
			dependencies = (
				D5B2E8AC1C3A780C00C0327D /* PBXTargetDependency */,
			);
			name = "UserInterface-iOS-Tests";
			productName = UserInterfaceTests;
			productReference = D5B2E8A91C3A780C00C0327D /* UserInterface-iOS-Tests.xctest */;
			productType = "com.apple.product-type.bundle.unit-test";
		};
		D5C6293F1C3A7FAA007F7B7C /* UserInterface-macOS */ = {
			isa = PBXNativeTarget;
			buildConfigurationList = D5C629511C3A7FAA007F7B7C /* Build configuration list for PBXNativeTarget "UserInterface-macOS" */;
			buildPhases = (
				D5C6293B1C3A7FAA007F7B7C /* Sources */,
				D5C6293C1C3A7FAA007F7B7C /* Frameworks */,
				D5C6293D1C3A7FAA007F7B7C /* Headers */,
				D5C6293E1C3A7FAA007F7B7C /* Resources */,
			);
			buildRules = (
			);
			dependencies = (
			);
			name = "UserInterface-macOS";
			productName = "UserInterface-Mac";
			productReference = D5C629401C3A7FAA007F7B7C /* UserInterface.framework */;
			productType = "com.apple.product-type.framework";
		};
		D5C629481C3A7FAA007F7B7C /* UserInterface-macOS-Tests */ = {
			isa = PBXNativeTarget;
			buildConfigurationList = D5C629541C3A7FAA007F7B7C /* Build configuration list for PBXNativeTarget "UserInterface-macOS-Tests" */;
			buildPhases = (
				D5C629451C3A7FAA007F7B7C /* Sources */,
				D5C629461C3A7FAA007F7B7C /* Frameworks */,
				D5C629471C3A7FAA007F7B7C /* Resources */,
			);
			buildRules = (
			);
			dependencies = (
				D5C6294C1C3A7FAA007F7B7C /* PBXTargetDependency */,
			);
			name = "UserInterface-macOS-Tests";
			productName = "UserInterface-MacTests";
			productReference = D5C629491C3A7FAA007F7B7C /* UserInterface-macOS-Tests.xctest */;
			productType = "com.apple.product-type.bundle.unit-test";
		};
/* End PBXNativeTarget section */

/* Begin PBXProject section */
		D5B2E8961C3A780C00C0327D /* Project object */ = {
			isa = PBXProject;
			attributes = {
				LastSwiftUpdateCheck = 0900;
				LastUpgradeCheck = 0930;
				ORGANIZATIONNAME = "Christoffer Winterkvist";
				TargetAttributes = {
					D284B0FB1F79038B00D94AF3 = {
						CreatedOnToolsVersion = 9.0;
						LastSwiftMigration = 0900;
						ProvisioningStyle = Automatic;
					};
					D284B1031F79038B00D94AF3 = {
						CreatedOnToolsVersion = 9.0;
						LastSwiftMigration = 0900;
						ProvisioningStyle = Automatic;
					};
					D284B1171F79039F00D94AF3 = {
						CreatedOnToolsVersion = 9.0;
						LastSwiftMigration = 0900;
						ProvisioningStyle = Automatic;
					};
					D5B2E89E1C3A780C00C0327D = {
						CreatedOnToolsVersion = 7.2;
						LastSwiftMigration = 0900;
					};
					D5B2E8A81C3A780C00C0327D = {
						CreatedOnToolsVersion = 7.2;
						LastSwiftMigration = 0900;
					};
					D5C6293F1C3A7FAA007F7B7C = {
						CreatedOnToolsVersion = 7.2;
					};
					D5C629481C3A7FAA007F7B7C = {
						CreatedOnToolsVersion = 7.2;
					};
				};
			};
			buildConfigurationList = D5B2E8991C3A780C00C0327D /* Build configuration list for PBXProject "UserInterface" */;
			compatibilityVersion = "Xcode 3.2";
			developmentRegion = English;
			hasScannedForEncodings = 0;
			knownRegions = (
				en,
			);
			mainGroup = D5B2E8951C3A780C00C0327D;
			productRefGroup = D5B2E8A01C3A780C00C0327D /* Products */;
			projectDirPath = "";
			projectRoot = "";
			targets = (
				D5B2E89E1C3A780C00C0327D /* UserInterface-iOS */,
				D5B2E8A81C3A780C00C0327D /* UserInterface-iOS-Tests */,
				D5C6293F1C3A7FAA007F7B7C /* UserInterface-macOS */,
				D5C629481C3A7FAA007F7B7C /* UserInterface-macOS-Tests */,
				D284B0FB1F79038B00D94AF3 /* UserInterface-tvOS */,
				D284B1031F79038B00D94AF3 /* UserInterface-tvOS-Tests */,
				D284B1171F79039F00D94AF3 /* UserInterface-watchOS */,
			);
		};
/* End PBXProject section */

/* Begin PBXResourcesBuildPhase section */
		D284B0FA1F79038B00D94AF3 /* Resources */ = {
			isa = PBXResourcesBuildPhase;
			buildActionMask = 2147483647;
			files = (
			);
			runOnlyForDeploymentPostprocessing = 0;
		};
		D284B1021F79038B00D94AF3 /* Resources */ = {
			isa = PBXResourcesBuildPhase;
			buildActionMask = 2147483647;
			files = (
			);
			runOnlyForDeploymentPostprocessing = 0;
		};
		D284B1161F79039F00D94AF3 /* Resources */ = {
			isa = PBXResourcesBuildPhase;
			buildActionMask = 2147483647;
			files = (
				D284B1391F7906DB00D94AF3 /* Info-tvOS-Tests.plist in Resources */,
				D284B1381F7906DB00D94AF3 /* Info-iOS-Tests.plist in Resources */,
				D284B13B1F7906DB00D94AF3 /* Info-macOS-Tests.plist in Resources */,
			);
			runOnlyForDeploymentPostprocessing = 0;
		};
		D5B2E89D1C3A780C00C0327D /* Resources */ = {
			isa = PBXResourcesBuildPhase;
			buildActionMask = 2147483647;
			files = (
			);
			runOnlyForDeploymentPostprocessing = 0;
		};
		D5B2E8A71C3A780C00C0327D /* Resources */ = {
			isa = PBXResourcesBuildPhase;
			buildActionMask = 2147483647;
			files = (
			);
			runOnlyForDeploymentPostprocessing = 0;
		};
		D5C6293E1C3A7FAA007F7B7C /* Resources */ = {
			isa = PBXResourcesBuildPhase;
			buildActionMask = 2147483647;
			files = (
			);
			runOnlyForDeploymentPostprocessing = 0;
		};
		D5C629471C3A7FAA007F7B7C /* Resources */ = {
			isa = PBXResourcesBuildPhase;
			buildActionMask = 2147483647;
			files = (
			);
			runOnlyForDeploymentPostprocessing = 0;
		};
/* End PBXResourcesBuildPhase section */

/* Begin PBXSourcesBuildPhase section */
		D284B0F71F79038B00D94AF3 /* Sources */ = {
			isa = PBXSourcesBuildPhase;
			buildActionMask = 2147483647;
			files = (
				BD7221F42094F3E000D28B9C /* UITableView+Extensions.swift in Sources */,
				BD7221EB2094F3BD00D28B9C /* UICollectionView+Extensions.swift in Sources */,
				BD7221FA2094F41D00D28B9C /* TypeAlias.swift in Sources */,
				BD7221EC2094F3BD00D28B9C /* UICollectionViewCell+Extensions.swift in Sources */,
				BD7221F22094F3E000D28B9C /* UITableViewCell+Extensions.swift in Sources */,
				BD7221FF2094F43400D28B9C /* NSLayoutConstraint+Extensions.swift in Sources */,
				BD7221F72094F41100D28B9C /* View+Extensions.swift in Sources */,
				BD7221EA2094F3BA00D28B9C /* UIStackView+Extensions.swift in Sources */,
				BD7222022094F4D500D28B9C /* NSLayoutConstraints+iOS.swift in Sources */,
			);
			runOnlyForDeploymentPostprocessing = 0;
		};
		D284B1001F79038B00D94AF3 /* Sources */ = {
			isa = PBXSourcesBuildPhase;
			buildActionMask = 2147483647;
			files = (
				BDD89C542097018B0041C951 /* UIViewTests.swift in Sources */,
				BDD89C4E209700020041C951 /* UITableViewTests.swift in Sources */,
				BD6C775F2096F99C00ADB5BC /* UICollectionViewTests.swift in Sources */,
				BDD89C57209701D50041C951 /* NSLayoutConstraintsTests.swift in Sources */,
				D284B1441F7908B100D94AF3 /* SharedTests.swift in Sources */,
				BDD89C51209700C90041C951 /* UIStackViewTests.swift in Sources */,
			);
			runOnlyForDeploymentPostprocessing = 0;
		};
		D284B1131F79039F00D94AF3 /* Sources */ = {
			isa = PBXSourcesBuildPhase;
			buildActionMask = 2147483647;
			files = (
			);
			runOnlyForDeploymentPostprocessing = 0;
		};
		D5B2E89A1C3A780C00C0327D /* Sources */ = {
			isa = PBXSourcesBuildPhase;
			buildActionMask = 2147483647;
			files = (
				BD7221F32094F3E000D28B9C /* UITableView+Extensions.swift in Sources */,
				BD7221ED2094F3BE00D28B9C /* UICollectionView+Extensions.swift in Sources */,
				BD7221FC2094F41E00D28B9C /* TypeAlias.swift in Sources */,
				BD7221EE2094F3BE00D28B9C /* UICollectionViewCell+Extensions.swift in Sources */,
				BD7221F12094F3E000D28B9C /* UITableViewCell+Extensions.swift in Sources */,
				BD7221FE2094F43300D28B9C /* NSLayoutConstraint+Extensions.swift in Sources */,
				BD7221F82094F41200D28B9C /* View+Extensions.swift in Sources */,
				BD7221E92094F3BA00D28B9C /* UIStackView+Extensions.swift in Sources */,
				BD7222012094F4D500D28B9C /* NSLayoutConstraints+iOS.swift in Sources */,
			);
			runOnlyForDeploymentPostprocessing = 0;
		};
		D5B2E8A51C3A780C00C0327D /* Sources */ = {
			isa = PBXSourcesBuildPhase;
			buildActionMask = 2147483647;
			files = (
				BDD89C532097018B0041C951 /* UIViewTests.swift in Sources */,
				BDD89C4D209700020041C951 /* UITableViewTests.swift in Sources */,
				D284B1461F7908B300D94AF3 /* SharedTests.swift in Sources */,
				BDD89C56209701D50041C951 /* NSLayoutConstraintsTests.swift in Sources */,
				D284B1471F7908B800D94AF3 /* UICollectionViewTests.swift in Sources */,
				BDD89C50209700C90041C951 /* UIStackViewTests.swift in Sources */,
			);
			runOnlyForDeploymentPostprocessing = 0;
		};
		D5C6293B1C3A7FAA007F7B7C /* Sources */ = {
			isa = PBXSourcesBuildPhase;
			buildActionMask = 2147483647;
			files = (
				BD72220B20963FFB00D28B9C /* NSTableView+Extensions.swift in Sources */,
				BD72220D209640B800D28B9C /* NSTableRowView+Extensions.swift in Sources */,
				BD7221DB2094F2B100D28B9C /* UserInterfaceView.swift in Sources */,
				BD7221FD2094F43200D28B9C /* NSLayoutConstraint+Extensions.swift in Sources */,
				BD7222072096375800D28B9C /* NSCollectionViewItem+Extensions.swift in Sources */,
				BD7221D92094F2AF00D28B9C /* UserInterfaceItem.swift in Sources */,
				BD7221F92094F41500D28B9C /* View+Extensions.swift in Sources */,
				BD722205209636BB00D28B9C /* NSCollectionView+Extensions.swift in Sources */,
				BD7221DA2094F2B100D28B9C /* UserInterfaceLabel.swift in Sources */,
				BD722209209637C300D28B9C /* NSStackView+Extensions.swift in Sources */,
				BD7221FB2094F41D00D28B9C /* TypeAlias.swift in Sources */,
			);
			runOnlyForDeploymentPostprocessing = 0;
		};
		D5C629451C3A7FAA007F7B7C /* Sources */ = {
			isa = PBXSourcesBuildPhase;
			buildActionMask = 2147483647;
			files = (
				BDD89C5D209704F50041C951 /* NSCollectionViewTests.swift in Sources */,
				BDD89C5F209704F50041C951 /* NSTableViewTests.swift in Sources */,
				D284B1451F7908B200D94AF3 /* SharedTests.swift in Sources */,
				BDD89C61209704F50041C951 /* NSLayoutConstraintsTests.swift in Sources */,
				BDD89C60209704F50041C951 /* NSStackViewViewTests.swift in Sources */,
				BDD89C5E209704F50041C951 /* NSViewTests.swift in Sources */,
			);
			runOnlyForDeploymentPostprocessing = 0;
		};
/* End PBXSourcesBuildPhase section */

/* Begin PBXTargetDependency section */
		D284B1071F79038B00D94AF3 /* PBXTargetDependency */ = {
			isa = PBXTargetDependency;
			target = D284B0FB1F79038B00D94AF3 /* UserInterface-tvOS */;
			targetProxy = D284B1061F79038B00D94AF3 /* PBXContainerItemProxy */;
		};
		D5B2E8AC1C3A780C00C0327D /* PBXTargetDependency */ = {
			isa = PBXTargetDependency;
			target = D5B2E89E1C3A780C00C0327D /* UserInterface-iOS */;
			targetProxy = D5B2E8AB1C3A780C00C0327D /* PBXContainerItemProxy */;
		};
		D5C6294C1C3A7FAA007F7B7C /* PBXTargetDependency */ = {
			isa = PBXTargetDependency;
			target = D5C6293F1C3A7FAA007F7B7C /* UserInterface-macOS */;
			targetProxy = D5C6294B1C3A7FAA007F7B7C /* PBXContainerItemProxy */;
		};
/* End PBXTargetDependency section */

/* Begin XCBuildConfiguration section */
		D284B10E1F79038B00D94AF3 /* Debug */ = {
			isa = XCBuildConfiguration;
			buildSettings = {
				CLANG_ANALYZER_NONNULL = YES;
				CLANG_ANALYZER_NUMBER_OBJECT_CONVERSION = YES_AGGRESSIVE;
				CLANG_CXX_LANGUAGE_STANDARD = "gnu++14";
				CLANG_ENABLE_MODULES = YES;
				CLANG_WARN_DOCUMENTATION_COMMENTS = YES;
				CLANG_WARN_UNGUARDED_AVAILABILITY = YES_AGGRESSIVE;
				CODE_SIGN_IDENTITY = "";
				CODE_SIGN_STYLE = Automatic;
				DEFINES_MODULE = YES;
				DYLIB_COMPATIBILITY_VERSION = 1;
				DYLIB_CURRENT_VERSION = 1;
				DYLIB_INSTALL_NAME_BASE = "@rpath";
				GCC_C_LANGUAGE_STANDARD = gnu11;
				INFOPLIST_FILE = "$(SRCROOT)/Info/Info-tvOS.plist";
				INSTALL_PATH = "$(LOCAL_LIBRARY_DIR)/Frameworks";
				LD_RUNPATH_SEARCH_PATHS = "$(inherited) @executable_path/Frameworks @loader_path/Frameworks";
				PRODUCT_BUNDLE_IDENTIFIER = "no.hyper.UserInterface-tvOS";
				PRODUCT_NAME = UserInterface;
				SDKROOT = appletvos;
				SKIP_INSTALL = YES;
				SWIFT_ACTIVE_COMPILATION_CONDITIONS = DEBUG;
				SWIFT_OPTIMIZATION_LEVEL = "-Onone";
				SWIFT_VERSION = 4.0;
				TARGETED_DEVICE_FAMILY = 3;
				TVOS_DEPLOYMENT_TARGET = 11.0;
			};
			name = Debug;
		};
		D284B10F1F79038B00D94AF3 /* Release */ = {
			isa = XCBuildConfiguration;
			buildSettings = {
				CLANG_ANALYZER_NONNULL = YES;
				CLANG_ANALYZER_NUMBER_OBJECT_CONVERSION = YES_AGGRESSIVE;
				CLANG_CXX_LANGUAGE_STANDARD = "gnu++14";
				CLANG_ENABLE_MODULES = YES;
				CLANG_WARN_DOCUMENTATION_COMMENTS = YES;
				CLANG_WARN_UNGUARDED_AVAILABILITY = YES_AGGRESSIVE;
				CODE_SIGN_IDENTITY = "";
				CODE_SIGN_STYLE = Automatic;
				DEFINES_MODULE = YES;
				DYLIB_COMPATIBILITY_VERSION = 1;
				DYLIB_CURRENT_VERSION = 1;
				DYLIB_INSTALL_NAME_BASE = "@rpath";
				GCC_C_LANGUAGE_STANDARD = gnu11;
				INFOPLIST_FILE = "$(SRCROOT)/Info/Info-tvOS.plist";
				INSTALL_PATH = "$(LOCAL_LIBRARY_DIR)/Frameworks";
				LD_RUNPATH_SEARCH_PATHS = "$(inherited) @executable_path/Frameworks @loader_path/Frameworks";
				PRODUCT_BUNDLE_IDENTIFIER = "no.hyper.UserInterface-tvOS";
				PRODUCT_NAME = UserInterface;
				SDKROOT = appletvos;
				SKIP_INSTALL = YES;
				SWIFT_VERSION = 4.0;
				TARGETED_DEVICE_FAMILY = 3;
				TVOS_DEPLOYMENT_TARGET = 11.0;
			};
			name = Release;
		};
		D284B1111F79038B00D94AF3 /* Debug */ = {
			isa = XCBuildConfiguration;
			buildSettings = {
				ALWAYS_EMBED_SWIFT_STANDARD_LIBRARIES = YES;
				CLANG_ANALYZER_NONNULL = YES;
				CLANG_ANALYZER_NUMBER_OBJECT_CONVERSION = YES_AGGRESSIVE;
				CLANG_CXX_LANGUAGE_STANDARD = "gnu++14";
				CLANG_ENABLE_MODULES = YES;
				CLANG_WARN_DOCUMENTATION_COMMENTS = YES;
				CLANG_WARN_UNGUARDED_AVAILABILITY = YES_AGGRESSIVE;
				CODE_SIGN_STYLE = Automatic;
				GCC_C_LANGUAGE_STANDARD = gnu11;
				INFOPLIST_FILE = "$(SRCROOT)/Tests/Info-tvOS-Tests.plist";
				LD_RUNPATH_SEARCH_PATHS = "$(inherited) @executable_path/Frameworks @loader_path/Frameworks $(FRAMEWORK_SEARCH_PATHS)";
				PRODUCT_BUNDLE_IDENTIFIER = "no.hyper.UserInterface-tvOSTests";
				PRODUCT_NAME = "$(TARGET_NAME)";
				SDKROOT = appletvos;
				SWIFT_ACTIVE_COMPILATION_CONDITIONS = DEBUG;
				SWIFT_OPTIMIZATION_LEVEL = "-Onone";
				SWIFT_VERSION = 4.0;
				TARGETED_DEVICE_FAMILY = 3;
				TVOS_DEPLOYMENT_TARGET = 11.0;
			};
			name = Debug;
		};
		D284B1121F79038B00D94AF3 /* Release */ = {
			isa = XCBuildConfiguration;
			buildSettings = {
				ALWAYS_EMBED_SWIFT_STANDARD_LIBRARIES = YES;
				CLANG_ANALYZER_NONNULL = YES;
				CLANG_ANALYZER_NUMBER_OBJECT_CONVERSION = YES_AGGRESSIVE;
				CLANG_CXX_LANGUAGE_STANDARD = "gnu++14";
				CLANG_ENABLE_MODULES = YES;
				CLANG_WARN_DOCUMENTATION_COMMENTS = YES;
				CLANG_WARN_UNGUARDED_AVAILABILITY = YES_AGGRESSIVE;
				CODE_SIGN_STYLE = Automatic;
				GCC_C_LANGUAGE_STANDARD = gnu11;
				INFOPLIST_FILE = "$(SRCROOT)/Tests/Info-tvOS-Tests.plist";
				LD_RUNPATH_SEARCH_PATHS = "$(inherited) @executable_path/Frameworks @loader_path/Frameworks $(FRAMEWORK_SEARCH_PATHS)";
				PRODUCT_BUNDLE_IDENTIFIER = "no.hyper.UserInterface-tvOSTests";
				PRODUCT_NAME = "$(TARGET_NAME)";
				SDKROOT = appletvos;
				SWIFT_VERSION = 4.0;
				TARGETED_DEVICE_FAMILY = 3;
				TVOS_DEPLOYMENT_TARGET = 11.0;
			};
			name = Release;
		};
		D284B11E1F79039F00D94AF3 /* Debug */ = {
			isa = XCBuildConfiguration;
			buildSettings = {
				APPLICATION_EXTENSION_API_ONLY = YES;
				CLANG_ANALYZER_NONNULL = YES;
				CLANG_ANALYZER_NUMBER_OBJECT_CONVERSION = YES_AGGRESSIVE;
				CLANG_CXX_LANGUAGE_STANDARD = "gnu++14";
				CLANG_ENABLE_MODULES = YES;
				CLANG_WARN_DOCUMENTATION_COMMENTS = YES;
				CLANG_WARN_UNGUARDED_AVAILABILITY = YES_AGGRESSIVE;
				CODE_SIGN_IDENTITY = "";
				CODE_SIGN_STYLE = Automatic;
				DEFINES_MODULE = YES;
				DYLIB_COMPATIBILITY_VERSION = 1;
				DYLIB_CURRENT_VERSION = 1;
				DYLIB_INSTALL_NAME_BASE = "@rpath";
				GCC_C_LANGUAGE_STANDARD = gnu11;
				INFOPLIST_FILE = "$(SRCROOT)/Info/Info-watchOS.plist";
				INSTALL_PATH = "$(LOCAL_LIBRARY_DIR)/Frameworks";
				LD_RUNPATH_SEARCH_PATHS = "$(inherited) @executable_path/Frameworks @loader_path/Frameworks";
				PRODUCT_BUNDLE_IDENTIFIER = "no.hyper.UserInterface-watchOS";
				PRODUCT_NAME = UserInterface;
				SDKROOT = watchos;
				SKIP_INSTALL = YES;
				SWIFT_ACTIVE_COMPILATION_CONDITIONS = DEBUG;
				SWIFT_OPTIMIZATION_LEVEL = "-Onone";
				SWIFT_VERSION = 4.0;
				TARGETED_DEVICE_FAMILY = 4;
				WATCHOS_DEPLOYMENT_TARGET = 3.0;
			};
			name = Debug;
		};
		D284B11F1F79039F00D94AF3 /* Release */ = {
			isa = XCBuildConfiguration;
			buildSettings = {
				APPLICATION_EXTENSION_API_ONLY = YES;
				CLANG_ANALYZER_NONNULL = YES;
				CLANG_ANALYZER_NUMBER_OBJECT_CONVERSION = YES_AGGRESSIVE;
				CLANG_CXX_LANGUAGE_STANDARD = "gnu++14";
				CLANG_ENABLE_MODULES = YES;
				CLANG_WARN_DOCUMENTATION_COMMENTS = YES;
				CLANG_WARN_UNGUARDED_AVAILABILITY = YES_AGGRESSIVE;
				CODE_SIGN_IDENTITY = "";
				CODE_SIGN_STYLE = Automatic;
				DEFINES_MODULE = YES;
				DYLIB_COMPATIBILITY_VERSION = 1;
				DYLIB_CURRENT_VERSION = 1;
				DYLIB_INSTALL_NAME_BASE = "@rpath";
				GCC_C_LANGUAGE_STANDARD = gnu11;
				INFOPLIST_FILE = "$(SRCROOT)/Info/Info-watchOS.plist";
				INSTALL_PATH = "$(LOCAL_LIBRARY_DIR)/Frameworks";
				LD_RUNPATH_SEARCH_PATHS = "$(inherited) @executable_path/Frameworks @loader_path/Frameworks";
				PRODUCT_BUNDLE_IDENTIFIER = "no.hyper.UserInterface-watchOS";
				PRODUCT_NAME = UserInterface;
				SDKROOT = watchos;
				SKIP_INSTALL = YES;
				SWIFT_VERSION = 4.0;
				TARGETED_DEVICE_FAMILY = 4;
				WATCHOS_DEPLOYMENT_TARGET = 3.0;
			};
			name = Release;
		};
		D5B2E8B11C3A780C00C0327D /* Debug */ = {
			isa = XCBuildConfiguration;
			buildSettings = {
				ALWAYS_SEARCH_USER_PATHS = NO;
				CLANG_CXX_LANGUAGE_STANDARD = "gnu++0x";
				CLANG_CXX_LIBRARY = "libc++";
				CLANG_ENABLE_MODULES = YES;
				CLANG_ENABLE_OBJC_ARC = YES;
				CLANG_WARN_BLOCK_CAPTURE_AUTORELEASING = YES;
				CLANG_WARN_BOOL_CONVERSION = YES;
				CLANG_WARN_COMMA = YES;
				CLANG_WARN_CONSTANT_CONVERSION = YES;
				CLANG_WARN_DEPRECATED_OBJC_IMPLEMENTATIONS = YES;
				CLANG_WARN_DIRECT_OBJC_ISA_USAGE = YES_ERROR;
				CLANG_WARN_EMPTY_BODY = YES;
				CLANG_WARN_ENUM_CONVERSION = YES;
				CLANG_WARN_INFINITE_RECURSION = YES;
				CLANG_WARN_INT_CONVERSION = YES;
				CLANG_WARN_NON_LITERAL_NULL_CONVERSION = YES;
				CLANG_WARN_OBJC_IMPLICIT_RETAIN_SELF = YES;
				CLANG_WARN_OBJC_LITERAL_CONVERSION = YES;
				CLANG_WARN_OBJC_ROOT_CLASS = YES_ERROR;
				CLANG_WARN_RANGE_LOOP_ANALYSIS = YES;
				CLANG_WARN_STRICT_PROTOTYPES = YES;
				CLANG_WARN_SUSPICIOUS_MOVE = YES;
				CLANG_WARN_UNREACHABLE_CODE = YES;
				CLANG_WARN__DUPLICATE_METHOD_MATCH = YES;
				"CODE_SIGN_IDENTITY[sdk=iphoneos*]" = "iPhone Developer";
				COPY_PHASE_STRIP = NO;
				CURRENT_PROJECT_VERSION = 1;
				DEBUG_INFORMATION_FORMAT = dwarf;
				ENABLE_STRICT_OBJC_MSGSEND = YES;
				ENABLE_TESTABILITY = YES;
				GCC_C_LANGUAGE_STANDARD = gnu99;
				GCC_DYNAMIC_NO_PIC = NO;
				GCC_NO_COMMON_BLOCKS = YES;
				GCC_OPTIMIZATION_LEVEL = 0;
				GCC_PREPROCESSOR_DEFINITIONS = (
					"DEBUG=1",
					"$(inherited)",
				);
				GCC_WARN_64_TO_32_BIT_CONVERSION = YES;
				GCC_WARN_ABOUT_RETURN_TYPE = YES_ERROR;
				GCC_WARN_UNDECLARED_SELECTOR = YES;
				GCC_WARN_UNINITIALIZED_AUTOS = YES_AGGRESSIVE;
				GCC_WARN_UNUSED_FUNCTION = YES;
				GCC_WARN_UNUSED_VARIABLE = YES;
				IPHONEOS_DEPLOYMENT_TARGET = 9.2;
				MTL_ENABLE_DEBUG_INFO = YES;
				ONLY_ACTIVE_ARCH = YES;
				SDKROOT = iphoneos;
				SWIFT_OPTIMIZATION_LEVEL = "-Onone";
				SWIFT_VERSION = 4.0;
				TARGETED_DEVICE_FAMILY = "1,2";
				VERSIONING_SYSTEM = "apple-generic";
				VERSION_INFO_PREFIX = "";
			};
			name = Debug;
		};
		D5B2E8B21C3A780C00C0327D /* Release */ = {
			isa = XCBuildConfiguration;
			buildSettings = {
				ALWAYS_SEARCH_USER_PATHS = NO;
				CLANG_CXX_LANGUAGE_STANDARD = "gnu++0x";
				CLANG_CXX_LIBRARY = "libc++";
				CLANG_ENABLE_MODULES = YES;
				CLANG_ENABLE_OBJC_ARC = YES;
				CLANG_WARN_BLOCK_CAPTURE_AUTORELEASING = YES;
				CLANG_WARN_BOOL_CONVERSION = YES;
				CLANG_WARN_COMMA = YES;
				CLANG_WARN_CONSTANT_CONVERSION = YES;
				CLANG_WARN_DEPRECATED_OBJC_IMPLEMENTATIONS = YES;
				CLANG_WARN_DIRECT_OBJC_ISA_USAGE = YES_ERROR;
				CLANG_WARN_EMPTY_BODY = YES;
				CLANG_WARN_ENUM_CONVERSION = YES;
				CLANG_WARN_INFINITE_RECURSION = YES;
				CLANG_WARN_INT_CONVERSION = YES;
				CLANG_WARN_NON_LITERAL_NULL_CONVERSION = YES;
				CLANG_WARN_OBJC_IMPLICIT_RETAIN_SELF = YES;
				CLANG_WARN_OBJC_LITERAL_CONVERSION = YES;
				CLANG_WARN_OBJC_ROOT_CLASS = YES_ERROR;
				CLANG_WARN_RANGE_LOOP_ANALYSIS = YES;
				CLANG_WARN_STRICT_PROTOTYPES = YES;
				CLANG_WARN_SUSPICIOUS_MOVE = YES;
				CLANG_WARN_UNREACHABLE_CODE = YES;
				CLANG_WARN__DUPLICATE_METHOD_MATCH = YES;
				"CODE_SIGN_IDENTITY[sdk=iphoneos*]" = "iPhone Developer";
				COPY_PHASE_STRIP = NO;
				CURRENT_PROJECT_VERSION = 1;
				DEBUG_INFORMATION_FORMAT = "dwarf-with-dsym";
				ENABLE_NS_ASSERTIONS = NO;
				ENABLE_STRICT_OBJC_MSGSEND = YES;
				GCC_C_LANGUAGE_STANDARD = gnu99;
				GCC_NO_COMMON_BLOCKS = YES;
				GCC_WARN_64_TO_32_BIT_CONVERSION = YES;
				GCC_WARN_ABOUT_RETURN_TYPE = YES_ERROR;
				GCC_WARN_UNDECLARED_SELECTOR = YES;
				GCC_WARN_UNINITIALIZED_AUTOS = YES_AGGRESSIVE;
				GCC_WARN_UNUSED_FUNCTION = YES;
				GCC_WARN_UNUSED_VARIABLE = YES;
				IPHONEOS_DEPLOYMENT_TARGET = 9.2;
				MTL_ENABLE_DEBUG_INFO = NO;
				SDKROOT = iphoneos;
				SWIFT_OPTIMIZATION_LEVEL = "-Owholemodule";
				SWIFT_VERSION = 4.0;
				TARGETED_DEVICE_FAMILY = "1,2";
				VALIDATE_PRODUCT = YES;
				VERSIONING_SYSTEM = "apple-generic";
				VERSION_INFO_PREFIX = "";
			};
			name = Release;
		};
		D5B2E8B41C3A780C00C0327D /* Debug */ = {
			isa = XCBuildConfiguration;
			buildSettings = {
				CLANG_ENABLE_MODULES = YES;
				"CODE_SIGN_IDENTITY[sdk=iphoneos*]" = "";
				DEFINES_MODULE = YES;
				DYLIB_COMPATIBILITY_VERSION = 1;
				DYLIB_CURRENT_VERSION = 1;
				DYLIB_INSTALL_NAME_BASE = "@rpath";
				INFOPLIST_FILE = "$(SRCROOT)/Info/Info-iOS.plist";
				INSTALL_PATH = "$(LOCAL_LIBRARY_DIR)/Frameworks";
				IPHONEOS_DEPLOYMENT_TARGET = 9.0;
				LD_RUNPATH_SEARCH_PATHS = "$(inherited) @executable_path/Frameworks @loader_path/Frameworks";
				PRODUCT_BUNDLE_IDENTIFIER = "com.zenangst.UserInterface-iOS";
				PRODUCT_NAME = UserInterface;
				SKIP_INSTALL = YES;
				SWIFT_OPTIMIZATION_LEVEL = "-Onone";
				SWIFT_VERSION = 4.0;
			};
			name = Debug;
		};
		D5B2E8B51C3A780C00C0327D /* Release */ = {
			isa = XCBuildConfiguration;
			buildSettings = {
				CLANG_ENABLE_MODULES = YES;
				"CODE_SIGN_IDENTITY[sdk=iphoneos*]" = "";
				DEFINES_MODULE = YES;
				DYLIB_COMPATIBILITY_VERSION = 1;
				DYLIB_CURRENT_VERSION = 1;
				DYLIB_INSTALL_NAME_BASE = "@rpath";
				INFOPLIST_FILE = "$(SRCROOT)/Info/Info-iOS.plist";
				INSTALL_PATH = "$(LOCAL_LIBRARY_DIR)/Frameworks";
				IPHONEOS_DEPLOYMENT_TARGET = 9.0;
				LD_RUNPATH_SEARCH_PATHS = "$(inherited) @executable_path/Frameworks @loader_path/Frameworks";
				PRODUCT_BUNDLE_IDENTIFIER = "com.zenangst.UserInterface-iOS";
				PRODUCT_NAME = UserInterface;
				SKIP_INSTALL = YES;
				SWIFT_VERSION = 4.0;
			};
			name = Release;
		};
		D5B2E8B71C3A780C00C0327D /* Debug */ = {
			isa = XCBuildConfiguration;
			buildSettings = {
				ALWAYS_EMBED_SWIFT_STANDARD_LIBRARIES = YES;
				CLANG_ENABLE_MODULES = YES;
				FRAMEWORK_SEARCH_PATHS = "$(inherited)";
				INFOPLIST_FILE = "$(SRCROOT)/Tests/Info-iOS-Tests.plist";
				LD_RUNPATH_SEARCH_PATHS = "$(inherited) @executable_path/Frameworks @loader_path/Frameworks $(FRAMEWORK_SEARCH_PATHS)";
				PRODUCT_BUNDLE_IDENTIFIER = no.hyper.UserInterfaceTests;
				PRODUCT_NAME = "$(TARGET_NAME)";
				SWIFT_OPTIMIZATION_LEVEL = "-Onone";
				SWIFT_VERSION = 4.0;
			};
			name = Debug;
		};
		D5B2E8B81C3A780C00C0327D /* Release */ = {
			isa = XCBuildConfiguration;
			buildSettings = {
				ALWAYS_EMBED_SWIFT_STANDARD_LIBRARIES = YES;
				CLANG_ENABLE_MODULES = YES;
				FRAMEWORK_SEARCH_PATHS = "$(inherited)";
				INFOPLIST_FILE = "$(SRCROOT)/Tests/Info-iOS-Tests.plist";
				LD_RUNPATH_SEARCH_PATHS = "$(inherited) @executable_path/Frameworks @loader_path/Frameworks $(FRAMEWORK_SEARCH_PATHS)";
				PRODUCT_BUNDLE_IDENTIFIER = no.hyper.UserInterfaceTests;
				PRODUCT_NAME = "$(TARGET_NAME)";
				SWIFT_VERSION = 4.0;
			};
			name = Release;
		};
		D5C629521C3A7FAA007F7B7C /* Debug */ = {
			isa = XCBuildConfiguration;
			buildSettings = {
				CLANG_ENABLE_MODULES = YES;
				CODE_SIGN_IDENTITY = "-";
				COMBINE_HIDPI_IMAGES = YES;
				DEFINES_MODULE = YES;
				DYLIB_COMPATIBILITY_VERSION = 1;
				DYLIB_CURRENT_VERSION = 1;
				DYLIB_INSTALL_NAME_BASE = "@rpath";
				FRAMEWORK_VERSION = A;
				INFOPLIST_FILE = "$(SRCROOT)/Info/Info-macOS.plist";
				INSTALL_PATH = "$(LOCAL_LIBRARY_DIR)/Frameworks";
				LD_RUNPATH_SEARCH_PATHS = "$(inherited) @executable_path/../Frameworks @loader_path/Frameworks";
				MACOSX_DEPLOYMENT_TARGET = 10.11;
				PRODUCT_BUNDLE_IDENTIFIER = "com.zenangst.UserInterface-macOS";
				PRODUCT_NAME = UserInterface;
				SDKROOT = macosx;
				SKIP_INSTALL = YES;
				SWIFT_OPTIMIZATION_LEVEL = "-Onone";
			};
			name = Debug;
		};
		D5C629531C3A7FAA007F7B7C /* Release */ = {
			isa = XCBuildConfiguration;
			buildSettings = {
				CLANG_ENABLE_MODULES = YES;
				CODE_SIGN_IDENTITY = "-";
				COMBINE_HIDPI_IMAGES = YES;
				DEFINES_MODULE = YES;
				DYLIB_COMPATIBILITY_VERSION = 1;
				DYLIB_CURRENT_VERSION = 1;
				DYLIB_INSTALL_NAME_BASE = "@rpath";
				FRAMEWORK_VERSION = A;
				INFOPLIST_FILE = "$(SRCROOT)/Info/Info-macOS.plist";
				INSTALL_PATH = "$(LOCAL_LIBRARY_DIR)/Frameworks";
				LD_RUNPATH_SEARCH_PATHS = "$(inherited) @executable_path/../Frameworks @loader_path/Frameworks";
				MACOSX_DEPLOYMENT_TARGET = 10.11;
				PRODUCT_BUNDLE_IDENTIFIER = "com.zenangst.UserInterface-macOS";
				PRODUCT_NAME = UserInterface;
				SDKROOT = macosx;
				SKIP_INSTALL = YES;
			};
			name = Release;
		};
		D5C629551C3A7FAA007F7B7C /* Debug */ = {
			isa = XCBuildConfiguration;
			buildSettings = {
				ALWAYS_EMBED_SWIFT_STANDARD_LIBRARIES = YES;
				CODE_SIGN_IDENTITY = "-";
				COMBINE_HIDPI_IMAGES = YES;
				FRAMEWORK_SEARCH_PATHS = "$(inherited)";
				INFOPLIST_FILE = "$(SRCROOT)/Tests/Info-macOS-Tests.plist";
				LD_RUNPATH_SEARCH_PATHS = "$(inherited) @executable_path/../Frameworks @loader_path/../Frameworks $(FRAMEWORK_SEARCH_PATHS)";
				MACOSX_DEPLOYMENT_TARGET = 10.11;
				PRODUCT_BUNDLE_IDENTIFIER = "no.hyper.UserInterface-MacTests";
				PRODUCT_NAME = "$(TARGET_NAME)";
				SDKROOT = macosx;
			};
			name = Debug;
		};
		D5C629561C3A7FAA007F7B7C /* Release */ = {
			isa = XCBuildConfiguration;
			buildSettings = {
				ALWAYS_EMBED_SWIFT_STANDARD_LIBRARIES = YES;
				CODE_SIGN_IDENTITY = "-";
				COMBINE_HIDPI_IMAGES = YES;
				FRAMEWORK_SEARCH_PATHS = "$(inherited)";
				INFOPLIST_FILE = "$(SRCROOT)/Tests/Info-macOS-Tests.plist";
				LD_RUNPATH_SEARCH_PATHS = "$(inherited) @executable_path/../Frameworks @loader_path/../Frameworks $(FRAMEWORK_SEARCH_PATHS)";
				MACOSX_DEPLOYMENT_TARGET = 10.11;
				PRODUCT_BUNDLE_IDENTIFIER = "no.hyper.UserInterface-MacTests";
				PRODUCT_NAME = "$(TARGET_NAME)";
				SDKROOT = macosx;
			};
			name = Release;
		};
/* End XCBuildConfiguration section */

/* Begin XCConfigurationList section */
		D284B10D1F79038B00D94AF3 /* Build configuration list for PBXNativeTarget "UserInterface-tvOS" */ = {
			isa = XCConfigurationList;
			buildConfigurations = (
				D284B10E1F79038B00D94AF3 /* Debug */,
				D284B10F1F79038B00D94AF3 /* Release */,
			);
			defaultConfigurationIsVisible = 0;
			defaultConfigurationName = Release;
		};
		D284B1101F79038B00D94AF3 /* Build configuration list for PBXNativeTarget "UserInterface-tvOS-Tests" */ = {
			isa = XCConfigurationList;
			buildConfigurations = (
				D284B1111F79038B00D94AF3 /* Debug */,
				D284B1121F79038B00D94AF3 /* Release */,
			);
			defaultConfigurationIsVisible = 0;
			defaultConfigurationName = Release;
		};
		D284B11D1F79039F00D94AF3 /* Build configuration list for PBXNativeTarget "UserInterface-watchOS" */ = {
			isa = XCConfigurationList;
			buildConfigurations = (
				D284B11E1F79039F00D94AF3 /* Debug */,
				D284B11F1F79039F00D94AF3 /* Release */,
			);
			defaultConfigurationIsVisible = 0;
			defaultConfigurationName = Release;
		};
		D5B2E8991C3A780C00C0327D /* Build configuration list for PBXProject "UserInterface" */ = {
			isa = XCConfigurationList;
			buildConfigurations = (
				D5B2E8B11C3A780C00C0327D /* Debug */,
				D5B2E8B21C3A780C00C0327D /* Release */,
			);
			defaultConfigurationIsVisible = 0;
			defaultConfigurationName = Release;
		};
		D5B2E8B31C3A780C00C0327D /* Build configuration list for PBXNativeTarget "UserInterface-iOS" */ = {
			isa = XCConfigurationList;
			buildConfigurations = (
				D5B2E8B41C3A780C00C0327D /* Debug */,
				D5B2E8B51C3A780C00C0327D /* Release */,
			);
			defaultConfigurationIsVisible = 0;
			defaultConfigurationName = Release;
		};
		D5B2E8B61C3A780C00C0327D /* Build configuration list for PBXNativeTarget "UserInterface-iOS-Tests" */ = {
			isa = XCConfigurationList;
			buildConfigurations = (
				D5B2E8B71C3A780C00C0327D /* Debug */,
				D5B2E8B81C3A780C00C0327D /* Release */,
			);
			defaultConfigurationIsVisible = 0;
			defaultConfigurationName = Release;
		};
		D5C629511C3A7FAA007F7B7C /* Build configuration list for PBXNativeTarget "UserInterface-macOS" */ = {
			isa = XCConfigurationList;
			buildConfigurations = (
				D5C629521C3A7FAA007F7B7C /* Debug */,
				D5C629531C3A7FAA007F7B7C /* Release */,
			);
			defaultConfigurationIsVisible = 0;
			defaultConfigurationName = Release;
		};
		D5C629541C3A7FAA007F7B7C /* Build configuration list for PBXNativeTarget "UserInterface-macOS-Tests" */ = {
			isa = XCConfigurationList;
			buildConfigurations = (
				D5C629551C3A7FAA007F7B7C /* Debug */,
				D5C629561C3A7FAA007F7B7C /* Release */,
			);
			defaultConfigurationIsVisible = 0;
			defaultConfigurationName = Release;
		};
/* End XCConfigurationList section */
	};
	rootObject = D5B2E8961C3A780C00C0327D /* Project object */;
}
